
Microsoft Visual Studio Solution File, Format Version 12.00
# Visual Studio Version 17
VisualStudioVersion = 17.11.35208.52
MinimumVisualStudioVersion = 10.0.40219.1
Project("{FAE04EC0-301F-11D3-BF4B-00C04F79EFBC}") = "trabajoParaElViernes", "trabajoParaElViernes\trabajoParaElViernes.csproj", "{668BCA08-FA96-4630-A0B6-9595F1120284}"
EndProject
Global
	GlobalSection(SolutionConfigurationPlatforms) = preSolution
		Debug|Any CPU = Debug|Any CPU
		Release|Any CPU = Release|Any CPU
	EndGlobalSection
	GlobalSection(ProjectConfigurationPlatforms) = postSolution
		{668BCA08-FA96-4630-A0B6-9595F1120284}.Debug|Any CPU.ActiveCfg = Debug|Any CPU
		{668BCA08-FA96-4630-A0B6-9595F1120284}.Debug|Any CPU.Build.0 = Debug|Any CPU
		{668BCA08-FA96-4630-A0B6-9595F1120284}.Release|Any CPU.ActiveCfg = Release|Any CPU
		{668BCA08-FA96-4630-A0B6-9595F1120284}.Release|Any CPU.Build.0 = Release|Any CPU
	EndGlobalSection
	GlobalSection(SolutionProperties) = preSolution
		HideSolutionNode = FALSE
	EndGlobalSection
	GlobalSection(ExtensibilityGlobals) = postSolution
		SolutionGuid = {911F78B5-9551-4477-BBF6-254AB219C0CE}
	EndGlobalSection
EndGlobal
